
Microsoft Visual Studio Solution File, Format Version 12.00
# Visual Studio Version 17
VisualStudioVersion = 17.4.33213.308
MinimumVisualStudioVersion = 10.0.40219.1
Project("{9A19103F-16F7-4668-BE54-9A1E7A4F7556}") = "TychoWebsite.WebApi", "TychoWebsite.WebApi\TychoWebsite.WebApi.csproj", "{6EBAEDDC-A9CD-4044-8F1D-D869AE1D432E}"
EndProject
Project("{2150E333-8FDC-42A3-9474-1A3956D46DE8}") = "Modules", "Modules", "{55B382B8-24B2-4551-B05A-42790B2146DE}"
EndProject
Project("{2150E333-8FDC-42A3-9474-1A3956D46DE8}") = "Tests", "Tests", "{19385B3D-E2BA-438E-B528-1D0FCE1E31B6}"
EndProject
Project("{FAE04EC0-301F-11D3-BF4B-00C04F79EFBC}") = "TychoWebsite.App", "TychoWebsite.App\TychoWebsite.App.csproj", "{B13CF8F2-76DF-4F31-8B2D-6FB3D7B4D049}"
EndProject
Project("{FAE04EC0-301F-11D3-BF4B-00C04F79EFBC}") = "TychoWebsite.Articles", "TychoWebsite.Articles\TychoWebsite.Articles.csproj", "{62891B53-9FCA-4F39-8A67-3C42F1474A3D}"
EndProject
Project("{FAE04EC0-301F-11D3-BF4B-00C04F79EFBC}") = "TychoWebsite.Posts", "TychoWebsite.Posts\TychoWebsite.Posts.csproj", "{845CF959-FD05-4DE5-8B53-0670D7586F3C}"
EndProject
Project("{FAE04EC0-301F-11D3-BF4B-00C04F79EFBC}") = "TychoWebsite.Reactions", "TychoWebsite.Reactions\TychoWebsite.Reactions.csproj", "{5A8742BB-89E1-4BAB-BD6B-4F5B3A13AEEA}"
EndProject
Project("{FAE04EC0-301F-11D3-BF4B-00C04F79EFBC}") = "TychoWebsite.Topics", "TychoWebsite.Topics\TychoWebsite.Topics.csproj", "{79983971-9A9A-46BA-B278-0B91813A1E66}"
EndProject
Global
	GlobalSection(SolutionConfigurationPlatforms) = preSolution
		Debug|Any CPU = Debug|Any CPU
		Release|Any CPU = Release|Any CPU
	EndGlobalSection
	GlobalSection(ProjectConfigurationPlatforms) = postSolution
		{6EBAEDDC-A9CD-4044-8F1D-D869AE1D432E}.Debug|Any CPU.ActiveCfg = Debug|Any CPU
		{6EBAEDDC-A9CD-4044-8F1D-D869AE1D432E}.Debug|Any CPU.Build.0 = Debug|Any CPU
		{6EBAEDDC-A9CD-4044-8F1D-D869AE1D432E}.Release|Any CPU.ActiveCfg = Release|Any CPU
		{6EBAEDDC-A9CD-4044-8F1D-D869AE1D432E}.Release|Any CPU.Build.0 = Release|Any CPU
		{B13CF8F2-76DF-4F31-8B2D-6FB3D7B4D049}.Debug|Any CPU.ActiveCfg = Debug|Any CPU
		{B13CF8F2-76DF-4F31-8B2D-6FB3D7B4D049}.Debug|Any CPU.Build.0 = Debug|Any CPU
		{B13CF8F2-76DF-4F31-8B2D-6FB3D7B4D049}.Release|Any CPU.ActiveCfg = Release|Any CPU
		{B13CF8F2-76DF-4F31-8B2D-6FB3D7B4D049}.Release|Any CPU.Build.0 = Release|Any CPU
		{62891B53-9FCA-4F39-8A67-3C42F1474A3D}.Debug|Any CPU.ActiveCfg = Debug|Any CPU
		{62891B53-9FCA-4F39-8A67-3C42F1474A3D}.Debug|Any CPU.Build.0 = Debug|Any CPU
		{62891B53-9FCA-4F39-8A67-3C42F1474A3D}.Release|Any CPU.ActiveCfg = Release|Any CPU
		{62891B53-9FCA-4F39-8A67-3C42F1474A3D}.Release|Any CPU.Build.0 = Release|Any CPU
		{845CF959-FD05-4DE5-8B53-0670D7586F3C}.Debug|Any CPU.ActiveCfg = Debug|Any CPU
		{845CF959-FD05-4DE5-8B53-0670D7586F3C}.Debug|Any CPU.Build.0 = Debug|Any CPU
		{845CF959-FD05-4DE5-8B53-0670D7586F3C}.Release|Any CPU.ActiveCfg = Release|Any CPU
		{845CF959-FD05-4DE5-8B53-0670D7586F3C}.Release|Any CPU.Build.0 = Release|Any CPU
		{5A8742BB-89E1-4BAB-BD6B-4F5B3A13AEEA}.Debug|Any CPU.ActiveCfg = Debug|Any CPU
		{5A8742BB-89E1-4BAB-BD6B-4F5B3A13AEEA}.Debug|Any CPU.Build.0 = Debug|Any CPU
		{5A8742BB-89E1-4BAB-BD6B-4F5B3A13AEEA}.Release|Any CPU.ActiveCfg = Release|Any CPU
		{5A8742BB-89E1-4BAB-BD6B-4F5B3A13AEEA}.Release|Any CPU.Build.0 = Release|Any CPU
		{79983971-9A9A-46BA-B278-0B91813A1E66}.Debug|Any CPU.ActiveCfg = Debug|Any CPU
		{79983971-9A9A-46BA-B278-0B91813A1E66}.Debug|Any CPU.Build.0 = Debug|Any CPU
		{79983971-9A9A-46BA-B278-0B91813A1E66}.Release|Any CPU.ActiveCfg = Release|Any CPU
		{79983971-9A9A-46BA-B278-0B91813A1E66}.Release|Any CPU.Build.0 = Release|Any CPU
	EndGlobalSection
	GlobalSection(SolutionProperties) = preSolution
		HideSolutionNode = FALSE
	EndGlobalSection
	GlobalSection(NestedProjects) = preSolution
		{62891B53-9FCA-4F39-8A67-3C42F1474A3D} = {55B382B8-24B2-4551-B05A-42790B2146DE}
		{845CF959-FD05-4DE5-8B53-0670D7586F3C} = {55B382B8-24B2-4551-B05A-42790B2146DE}
		{5A8742BB-89E1-4BAB-BD6B-4F5B3A13AEEA} = {55B382B8-24B2-4551-B05A-42790B2146DE}
		{79983971-9A9A-46BA-B278-0B91813A1E66} = {55B382B8-24B2-4551-B05A-42790B2146DE}
	EndGlobalSection
	GlobalSection(ExtensibilityGlobals) = postSolution
		SolutionGuid = {8CA73662-41C5-4240-A310-C2762B62AB91}
	EndGlobalSection
EndGlobal
