
Microsoft Visual Studio Solution File, Format Version 12.00
# Visual Studio Version 17
VisualStudioVersion = 17.4.33213.308
MinimumVisualStudioVersion = 10.0.40219.1
Project("{9A19103F-16F7-4668-BE54-9A1E7A4F7556}") = "WebApi", "WebApi\WebApi.csproj", "{6EBAEDDC-A9CD-4044-8F1D-D869AE1D432E}"
EndProject
Project("{2150E333-8FDC-42A3-9474-1A3956D46DE8}") = "Modules", "Modules", "{55B382B8-24B2-4551-B05A-42790B2146DE}"
EndProject
Project("{2150E333-8FDC-42A3-9474-1A3956D46DE8}") = "Tests", "Tests", "{19385B3D-E2BA-438E-B528-1D0FCE1E31B6}"
EndProject
Project("{9A19103F-16F7-4668-BE54-9A1E7A4F7556}") = "WebApiTests", "WebApiTests\WebApiTests.csproj", "{7CFD2AC8-9692-4392-86B6-4657526E6AE8}"
EndProject
Project("{2150E333-8FDC-42A3-9474-1A3956D46DE8}") = "Modules", "Modules", "{762127BE-062D-4E47-B29A-7BB6CD1E4D0A}"
EndProject
Project("{2150E333-8FDC-42A3-9474-1A3956D46DE8}") = "CommonSubmodules", "CommonSubmodules", "{ADE28961-0B99-4549-9B0A-3FF667DA293E}"
EndProject
Global
	GlobalSection(SolutionConfigurationPlatforms) = preSolution
		Debug|Any CPU = Debug|Any CPU
		Release|Any CPU = Release|Any CPU
	EndGlobalSection
	GlobalSection(ProjectConfigurationPlatforms) = postSolution
		{6EBAEDDC-A9CD-4044-8F1D-D869AE1D432E}.Debug|Any CPU.ActiveCfg = Debug|Any CPU
		{6EBAEDDC-A9CD-4044-8F1D-D869AE1D432E}.Debug|Any CPU.Build.0 = Debug|Any CPU
		{6EBAEDDC-A9CD-4044-8F1D-D869AE1D432E}.Release|Any CPU.ActiveCfg = Release|Any CPU
		{6EBAEDDC-A9CD-4044-8F1D-D869AE1D432E}.Release|Any CPU.Build.0 = Release|Any CPU
		{7CFD2AC8-9692-4392-86B6-4657526E6AE8}.Debug|Any CPU.ActiveCfg = Debug|Any CPU
		{7CFD2AC8-9692-4392-86B6-4657526E6AE8}.Debug|Any CPU.Build.0 = Debug|Any CPU
		{7CFD2AC8-9692-4392-86B6-4657526E6AE8}.Release|Any CPU.ActiveCfg = Release|Any CPU
		{7CFD2AC8-9692-4392-86B6-4657526E6AE8}.Release|Any CPU.Build.0 = Release|Any CPU
	EndGlobalSection
	GlobalSection(SolutionProperties) = preSolution
		HideSolutionNode = FALSE
	EndGlobalSection
	GlobalSection(NestedProjects) = preSolution
		{7CFD2AC8-9692-4392-86B6-4657526E6AE8} = {19385B3D-E2BA-438E-B528-1D0FCE1E31B6}
		{762127BE-062D-4E47-B29A-7BB6CD1E4D0A} = {19385B3D-E2BA-438E-B528-1D0FCE1E31B6}
		{ADE28961-0B99-4549-9B0A-3FF667DA293E} = {55B382B8-24B2-4551-B05A-42790B2146DE}
	EndGlobalSection
	GlobalSection(ExtensibilityGlobals) = postSolution
		SolutionGuid = {8CA73662-41C5-4240-A310-C2762B62AB91}
	EndGlobalSection
EndGlobal
